
Microsoft Visual Studio Solution File, Format Version 12.00
# Visual Studio Version 16
VisualStudioVersion = 16.0.31112.23
MinimumVisualStudioVersion = 10.0.40219.1
Project("{FAE04EC0-301F-11D3-BF4B-00C04F79EFBC}") = "5951071112_NguyenMaiChiTrung_Nhom3", "5951071112_NguyenMaiChiTrung_Nhom3\5951071112_NguyenMaiChiTrung_Nhom3.csproj", "{15BAA966-3094-460F-B892-1359EC1EFA34}"
EndProject
Global
	GlobalSection(SolutionConfigurationPlatforms) = preSolution
		Debug|Any CPU = Debug|Any CPU
		Release|Any CPU = Release|Any CPU
	EndGlobalSection
	GlobalSection(ProjectConfigurationPlatforms) = postSolution
		{15BAA966-3094-460F-B892-1359EC1EFA34}.Debug|Any CPU.ActiveCfg = Debug|Any CPU
		{15BAA966-3094-460F-B892-1359EC1EFA34}.Debug|Any CPU.Build.0 = Debug|Any CPU
		{15BAA966-3094-460F-B892-1359EC1EFA34}.Release|Any CPU.ActiveCfg = Release|Any CPU
		{15BAA966-3094-460F-B892-1359EC1EFA34}.Release|Any CPU.Build.0 = Release|Any CPU
	EndGlobalSection
	GlobalSection(SolutionProperties) = preSolution
		HideSolutionNode = FALSE
	EndGlobalSection
	GlobalSection(ExtensibilityGlobals) = postSolution
		SolutionGuid = {1C387678-6FC7-4EA9-9F4D-56896ADA5221}
	EndGlobalSection
EndGlobal
